
Microsoft Visual Studio Solution File, Format Version 12.00
# Visual Studio 2012
Project("{8BC9CEB8-8B4A-11D0-8D11-00A0C91BC942}") = "leetcode", "leetcode\leetcode.vcxproj", "{A61FBBAF-93F4-44FF-8370-28F38D9F1144}"
EndProject
Project("{8BC9CEB8-8B4A-11D0-8D11-00A0C91BC942}") = "0030", "0030\0030.vcxproj", "{A6152CC6-EF6E-443C-B5A2-E59EE5651BEA}"
EndProject
Project("{8BC9CEB8-8B4A-11D0-8D11-00A0C91BC942}") = "0040", "0040\0040.vcxproj", "{035177B0-BE60-4E0F-832A-74C6358DF274}"
EndProject
Project("{8BC9CEB8-8B4A-11D0-8D11-00A0C91BC942}") = "0050", "0050\0050.vcxproj", "{A4CA1957-19FB-41A3-AA4D-C80D7B961937}"
EndProject
Project("{8BC9CEB8-8B4A-11D0-8D11-00A0C91BC942}") = "20170521", "20170521\20170521.vcxproj", "{410688D8-3C65-461E-87D7-FE347FEEE7E9}"
EndProject
Project("{8BC9CEB8-8B4A-11D0-8D11-00A0C91BC942}") = "20170528", "20170528\20170528.vcxproj", "{D0B084D5-017B-4E34-A9EB-C115383CDD42}"
EndProject
Project("{8BC9CEB8-8B4A-11D0-8D11-00A0C91BC942}") = "20170604", "20170604\20170604.vcxproj", "{8223EF88-7E87-424D-A9C2-C2011AACAA44}"
EndProject
Project("{8BC9CEB8-8B4A-11D0-8D11-00A0C91BC942}") = "20170611", "20170611\20170611.vcxproj", "{22D8B7EB-A420-4C20-802D-697A9B41B410}"
EndProject
Project("{8BC9CEB8-8B4A-11D0-8D11-00A0C91BC942}") = "20170618", "20170618\20170618.vcxproj", "{99EC6F85-793E-4320-A8A1-B990B819B3D7}"
EndProject
Project("{8BC9CEB8-8B4A-11D0-8D11-00A0C91BC942}") = "20170625", "20170625\20170625.vcxproj", "{87D41976-58FE-4B64-A788-C480C5BBAD21}"
EndProject
Project("{8BC9CEB8-8B4A-11D0-8D11-00A0C91BC942}") = "20170702", "20170702\20170702.vcxproj", "{4FFF76F7-AC26-412D-BDA8-91D4F0CA2912}"
EndProject
Project("{8BC9CEB8-8B4A-11D0-8D11-00A0C91BC942}") = "0060", "0060\0060.vcxproj", "{FAD7194F-F459-4ABA-94A3-83E3AB1D7724}"
EndProject
Project("{8BC9CEB8-8B4A-11D0-8D11-00A0C91BC942}") = "0070", "0070\0070.vcxproj", "{7B38F610-83DC-4E40-8ECF-7B396EE466FF}"
EndProject
Project("{8BC9CEB8-8B4A-11D0-8D11-00A0C91BC942}") = "20170709", "20170709\20170709.vcxproj", "{B18E8B65-C323-44CE-913D-E56D44F57260}"
EndProject
Project("{8BC9CEB8-8B4A-11D0-8D11-00A0C91BC942}") = "20170716", "20170716\20170716.vcxproj", "{4BCD4E22-4604-4155-BC49-B0A6147F442C}"
EndProject
Project("{8BC9CEB8-8B4A-11D0-8D11-00A0C91BC942}") = "20170723", "20170723\20170723.vcxproj", "{E69EAE01-FF29-45A1-83E6-36ED765AA3AA}"
EndProject
Project("{8BC9CEB8-8B4A-11D0-8D11-00A0C91BC942}") = "20170730", "20170730\20170730.vcxproj", "{0F5356F5-6AE4-45E4-8622-B884249F9801}"
EndProject
Project("{8BC9CEB8-8B4A-11D0-8D11-00A0C91BC942}") = "20170809", "20170809\20170809.vcxproj", "{A4E1855C-FA1E-44C5-A5BE-857E1A595F7E}"
EndProject
Global
	GlobalSection(SolutionConfigurationPlatforms) = preSolution
		Debug|Win32 = Debug|Win32
		Release|Win32 = Release|Win32
	EndGlobalSection
	GlobalSection(ProjectConfigurationPlatforms) = postSolution
		{A61FBBAF-93F4-44FF-8370-28F38D9F1144}.Debug|Win32.ActiveCfg = Debug|Win32
		{A61FBBAF-93F4-44FF-8370-28F38D9F1144}.Debug|Win32.Build.0 = Debug|Win32
		{A61FBBAF-93F4-44FF-8370-28F38D9F1144}.Release|Win32.ActiveCfg = Release|Win32
		{A61FBBAF-93F4-44FF-8370-28F38D9F1144}.Release|Win32.Build.0 = Release|Win32
		{A6152CC6-EF6E-443C-B5A2-E59EE5651BEA}.Debug|Win32.ActiveCfg = Debug|Win32
		{A6152CC6-EF6E-443C-B5A2-E59EE5651BEA}.Debug|Win32.Build.0 = Debug|Win32
		{A6152CC6-EF6E-443C-B5A2-E59EE5651BEA}.Release|Win32.ActiveCfg = Release|Win32
		{A6152CC6-EF6E-443C-B5A2-E59EE5651BEA}.Release|Win32.Build.0 = Release|Win32
		{035177B0-BE60-4E0F-832A-74C6358DF274}.Debug|Win32.ActiveCfg = Debug|Win32
		{035177B0-BE60-4E0F-832A-74C6358DF274}.Debug|Win32.Build.0 = Debug|Win32
		{035177B0-BE60-4E0F-832A-74C6358DF274}.Release|Win32.ActiveCfg = Release|Win32
		{035177B0-BE60-4E0F-832A-74C6358DF274}.Release|Win32.Build.0 = Release|Win32
		{A4CA1957-19FB-41A3-AA4D-C80D7B961937}.Debug|Win32.ActiveCfg = Debug|Win32
		{A4CA1957-19FB-41A3-AA4D-C80D7B961937}.Debug|Win32.Build.0 = Debug|Win32
		{A4CA1957-19FB-41A3-AA4D-C80D7B961937}.Release|Win32.ActiveCfg = Release|Win32
		{A4CA1957-19FB-41A3-AA4D-C80D7B961937}.Release|Win32.Build.0 = Release|Win32
		{410688D8-3C65-461E-87D7-FE347FEEE7E9}.Debug|Win32.ActiveCfg = Debug|Win32
		{410688D8-3C65-461E-87D7-FE347FEEE7E9}.Debug|Win32.Build.0 = Debug|Win32
		{410688D8-3C65-461E-87D7-FE347FEEE7E9}.Release|Win32.ActiveCfg = Release|Win32
		{410688D8-3C65-461E-87D7-FE347FEEE7E9}.Release|Win32.Build.0 = Release|Win32
		{D0B084D5-017B-4E34-A9EB-C115383CDD42}.Debug|Win32.ActiveCfg = Debug|Win32
		{D0B084D5-017B-4E34-A9EB-C115383CDD42}.Debug|Win32.Build.0 = Debug|Win32
		{D0B084D5-017B-4E34-A9EB-C115383CDD42}.Release|Win32.ActiveCfg = Release|Win32
		{D0B084D5-017B-4E34-A9EB-C115383CDD42}.Release|Win32.Build.0 = Release|Win32
		{8223EF88-7E87-424D-A9C2-C2011AACAA44}.Debug|Win32.ActiveCfg = Debug|Win32
		{8223EF88-7E87-424D-A9C2-C2011AACAA44}.Debug|Win32.Build.0 = Debug|Win32
		{8223EF88-7E87-424D-A9C2-C2011AACAA44}.Release|Win32.ActiveCfg = Release|Win32
		{8223EF88-7E87-424D-A9C2-C2011AACAA44}.Release|Win32.Build.0 = Release|Win32
		{22D8B7EB-A420-4C20-802D-697A9B41B410}.Debug|Win32.ActiveCfg = Debug|Win32
		{22D8B7EB-A420-4C20-802D-697A9B41B410}.Debug|Win32.Build.0 = Debug|Win32
		{22D8B7EB-A420-4C20-802D-697A9B41B410}.Release|Win32.ActiveCfg = Release|Win32
		{22D8B7EB-A420-4C20-802D-697A9B41B410}.Release|Win32.Build.0 = Release|Win32
		{99EC6F85-793E-4320-A8A1-B990B819B3D7}.Debug|Win32.ActiveCfg = Debug|Win32
		{99EC6F85-793E-4320-A8A1-B990B819B3D7}.Debug|Win32.Build.0 = Debug|Win32
		{99EC6F85-793E-4320-A8A1-B990B819B3D7}.Release|Win32.ActiveCfg = Release|Win32
		{99EC6F85-793E-4320-A8A1-B990B819B3D7}.Release|Win32.Build.0 = Release|Win32
		{87D41976-58FE-4B64-A788-C480C5BBAD21}.Debug|Win32.ActiveCfg = Debug|Win32
		{87D41976-58FE-4B64-A788-C480C5BBAD21}.Debug|Win32.Build.0 = Debug|Win32
		{87D41976-58FE-4B64-A788-C480C5BBAD21}.Release|Win32.ActiveCfg = Release|Win32
		{87D41976-58FE-4B64-A788-C480C5BBAD21}.Release|Win32.Build.0 = Release|Win32
		{4FFF76F7-AC26-412D-BDA8-91D4F0CA2912}.Debug|Win32.ActiveCfg = Debug|Win32
		{4FFF76F7-AC26-412D-BDA8-91D4F0CA2912}.Debug|Win32.Build.0 = Debug|Win32
		{4FFF76F7-AC26-412D-BDA8-91D4F0CA2912}.Release|Win32.ActiveCfg = Release|Win32
		{4FFF76F7-AC26-412D-BDA8-91D4F0CA2912}.Release|Win32.Build.0 = Release|Win32
		{FAD7194F-F459-4ABA-94A3-83E3AB1D7724}.Debug|Win32.ActiveCfg = Debug|Win32
		{FAD7194F-F459-4ABA-94A3-83E3AB1D7724}.Debug|Win32.Build.0 = Debug|Win32
		{FAD7194F-F459-4ABA-94A3-83E3AB1D7724}.Release|Win32.ActiveCfg = Release|Win32
		{FAD7194F-F459-4ABA-94A3-83E3AB1D7724}.Release|Win32.Build.0 = Release|Win32
		{7B38F610-83DC-4E40-8ECF-7B396EE466FF}.Debug|Win32.ActiveCfg = Debug|Win32
		{7B38F610-83DC-4E40-8ECF-7B396EE466FF}.Debug|Win32.Build.0 = Debug|Win32
		{7B38F610-83DC-4E40-8ECF-7B396EE466FF}.Release|Win32.ActiveCfg = Release|Win32
		{7B38F610-83DC-4E40-8ECF-7B396EE466FF}.Release|Win32.Build.0 = Release|Win32
		{B18E8B65-C323-44CE-913D-E56D44F57260}.Debug|Win32.ActiveCfg = Debug|Win32
		{B18E8B65-C323-44CE-913D-E56D44F57260}.Debug|Win32.Build.0 = Debug|Win32
		{B18E8B65-C323-44CE-913D-E56D44F57260}.Release|Win32.ActiveCfg = Release|Win32
		{B18E8B65-C323-44CE-913D-E56D44F57260}.Release|Win32.Build.0 = Release|Win32
		{4BCD4E22-4604-4155-BC49-B0A6147F442C}.Debug|Win32.ActiveCfg = Debug|Win32
		{4BCD4E22-4604-4155-BC49-B0A6147F442C}.Debug|Win32.Build.0 = Debug|Win32
		{4BCD4E22-4604-4155-BC49-B0A6147F442C}.Release|Win32.ActiveCfg = Release|Win32
		{4BCD4E22-4604-4155-BC49-B0A6147F442C}.Release|Win32.Build.0 = Release|Win32
		{E69EAE01-FF29-45A1-83E6-36ED765AA3AA}.Debug|Win32.ActiveCfg = Debug|Win32
		{E69EAE01-FF29-45A1-83E6-36ED765AA3AA}.Debug|Win32.Build.0 = Debug|Win32
		{E69EAE01-FF29-45A1-83E6-36ED765AA3AA}.Release|Win32.ActiveCfg = Release|Win32
		{E69EAE01-FF29-45A1-83E6-36ED765AA3AA}.Release|Win32.Build.0 = Release|Win32
		{0F5356F5-6AE4-45E4-8622-B884249F9801}.Debug|Win32.ActiveCfg = Debug|Win32
		{0F5356F5-6AE4-45E4-8622-B884249F9801}.Debug|Win32.Build.0 = Debug|Win32
		{0F5356F5-6AE4-45E4-8622-B884249F9801}.Release|Win32.ActiveCfg = Release|Win32
		{0F5356F5-6AE4-45E4-8622-B884249F9801}.Release|Win32.Build.0 = Release|Win32
		{A4E1855C-FA1E-44C5-A5BE-857E1A595F7E}.Debug|Win32.ActiveCfg = Debug|Win32
		{A4E1855C-FA1E-44C5-A5BE-857E1A595F7E}.Debug|Win32.Build.0 = Debug|Win32
		{A4E1855C-FA1E-44C5-A5BE-857E1A595F7E}.Release|Win32.ActiveCfg = Release|Win32
		{A4E1855C-FA1E-44C5-A5BE-857E1A595F7E}.Release|Win32.Build.0 = Release|Win32
	EndGlobalSection
	GlobalSection(SolutionProperties) = preSolution
		HideSolutionNode = FALSE
	EndGlobalSection
EndGlobal
